// !$*UTF8*$!
{
	archiveVersion = 1;
	classes = {
	};
	objectVersion = 50;
	objects = {

/* Begin PBXBuildFile section */
		845BE21C22F2964400393B8D /* AppDelegate.swift in Sources */ = {isa = PBXBuildFile; fileRef = 845BE21B22F2964400393B8D /* AppDelegate.swift */; };
		845BE21E22F2964400393B8D /* ContactListTableViewController.swift in Sources */ = {isa = PBXBuildFile; fileRef = 845BE21D22F2964400393B8D /* ContactListTableViewController.swift */; };
		845BE22122F2964400393B8D /* Main.storyboard in Resources */ = {isa = PBXBuildFile; fileRef = 845BE21F22F2964400393B8D /* Main.storyboard */; };
		845BE22422F2964400393B8D /* SKB_Kontur.xcdatamodeld in Sources */ = {isa = PBXBuildFile; fileRef = 845BE22222F2964400393B8D /* SKB_Kontur.xcdatamodeld */; };
		845BE22622F2964500393B8D /* Assets.xcassets in Resources */ = {isa = PBXBuildFile; fileRef = 845BE22522F2964500393B8D /* Assets.xcassets */; };
		845BE22922F2964500393B8D /* LaunchScreen.storyboard in Resources */ = {isa = PBXBuildFile; fileRef = 845BE22722F2964500393B8D /* LaunchScreen.storyboard */; };
		845BE23122F299A800393B8D /* Coordinator.swift in Sources */ = {isa = PBXBuildFile; fileRef = 845BE23022F299A800393B8D /* Coordinator.swift */; };
		845BE23322F29A5A00393B8D /* MainCoordinator.swift in Sources */ = {isa = PBXBuildFile; fileRef = 845BE23222F29A5A00393B8D /* MainCoordinator.swift */; };
		845BE23522F29A9200393B8D /* ContactRealmObject.swift in Sources */ = {isa = PBXBuildFile; fileRef = 845BE23422F29A9200393B8D /* ContactRealmObject.swift */; };
		845BE23722F29C1200393B8D /* ServerClient.swift in Sources */ = {isa = PBXBuildFile; fileRef = 845BE23622F29C1200393B8D /* ServerClient.swift */; };
		845BE23922F29C3B00393B8D /* Constants.swift in Sources */ = {isa = PBXBuildFile; fileRef = 845BE23822F29C3B00393B8D /* Constants.swift */; };
		96E5E092B026CD01CB0210EF /* Pods_SKB_Kontur.framework in Frameworks */ = {isa = PBXBuildFile; fileRef = 83C9C19B1A610054B164B941 /* Pods_SKB_Kontur.framework */; };
/* End PBXBuildFile section */

/* Begin PBXFileReference section */
		3C80341447F384D95A0DAE41 /* Pods-SKB_Kontur.release.xcconfig */ = {isa = PBXFileReference; includeInIndex = 1; lastKnownFileType = text.xcconfig; name = "Pods-SKB_Kontur.release.xcconfig"; path = "Pods/Target Support Files/Pods-SKB_Kontur/Pods-SKB_Kontur.release.xcconfig"; sourceTree = "<group>"; };
		83C9C19B1A610054B164B941 /* Pods_SKB_Kontur.framework */ = {isa = PBXFileReference; explicitFileType = wrapper.framework; includeInIndex = 0; path = Pods_SKB_Kontur.framework; sourceTree = BUILT_PRODUCTS_DIR; };
		845BE21822F2964400393B8D /* SKB_Kontur.app */ = {isa = PBXFileReference; explicitFileType = wrapper.application; includeInIndex = 0; path = SKB_Kontur.app; sourceTree = BUILT_PRODUCTS_DIR; };
		845BE21B22F2964400393B8D /* AppDelegate.swift */ = {isa = PBXFileReference; lastKnownFileType = sourcecode.swift; path = AppDelegate.swift; sourceTree = "<group>"; };
		845BE21D22F2964400393B8D /* ContactListTableViewController.swift */ = {isa = PBXFileReference; lastKnownFileType = sourcecode.swift; path = ContactListTableViewController.swift; sourceTree = "<group>"; };
		845BE22022F2964400393B8D /* Base */ = {isa = PBXFileReference; lastKnownFileType = file.storyboard; name = Base; path = Base.lproj/Main.storyboard; sourceTree = "<group>"; };
		845BE22322F2964400393B8D /* SKB_Kontur.xcdatamodel */ = {isa = PBXFileReference; lastKnownFileType = wrapper.xcdatamodel; path = SKB_Kontur.xcdatamodel; sourceTree = "<group>"; };
		845BE22522F2964500393B8D /* Assets.xcassets */ = {isa = PBXFileReference; lastKnownFileType = folder.assetcatalog; path = Assets.xcassets; sourceTree = "<group>"; };
		845BE22822F2964500393B8D /* Base */ = {isa = PBXFileReference; lastKnownFileType = file.storyboard; name = Base; path = Base.lproj/LaunchScreen.storyboard; sourceTree = "<group>"; };
		845BE22A22F2964500393B8D /* Info.plist */ = {isa = PBXFileReference; lastKnownFileType = text.plist.xml; path = Info.plist; sourceTree = "<group>"; };
		845BE23022F299A800393B8D /* Coordinator.swift */ = {isa = PBXFileReference; lastKnownFileType = sourcecode.swift; path = Coordinator.swift; sourceTree = "<group>"; };
		845BE23222F29A5A00393B8D /* MainCoordinator.swift */ = {isa = PBXFileReference; lastKnownFileType = sourcecode.swift; path = MainCoordinator.swift; sourceTree = "<group>"; };
		845BE23422F29A9200393B8D /* ContactRealmObject.swift */ = {isa = PBXFileReference; lastKnownFileType = sourcecode.swift; path = ContactRealmObject.swift; sourceTree = "<group>"; };
		845BE23622F29C1200393B8D /* ServerClient.swift */ = {isa = PBXFileReference; lastKnownFileType = sourcecode.swift; path = ServerClient.swift; sourceTree = "<group>"; };
		845BE23822F29C3B00393B8D /* Constants.swift */ = {isa = PBXFileReference; lastKnownFileType = sourcecode.swift; path = Constants.swift; sourceTree = "<group>"; };
		A2B2C174544B75A5BFF391F5 /* Pods-SKB_Kontur.debug.xcconfig */ = {isa = PBXFileReference; includeInIndex = 1; lastKnownFileType = text.xcconfig; name = "Pods-SKB_Kontur.debug.xcconfig"; path = "Pods/Target Support Files/Pods-SKB_Kontur/Pods-SKB_Kontur.debug.xcconfig"; sourceTree = "<group>"; };
/* End PBXFileReference section */

/* Begin PBXFrameworksBuildPhase section */
		845BE21522F2964400393B8D /* Frameworks */ = {
			isa = PBXFrameworksBuildPhase;
			buildActionMask = 2147483647;
			files = (
				96E5E092B026CD01CB0210EF /* Pods_SKB_Kontur.framework in Frameworks */,
			);
			runOnlyForDeploymentPostprocessing = 0;
		};
/* End PBXFrameworksBuildPhase section */

/* Begin PBXGroup section */
		3CEDA82E74CBF28E3807F086 /* Pods */ = {
			isa = PBXGroup;
			children = (
				A2B2C174544B75A5BFF391F5 /* Pods-SKB_Kontur.debug.xcconfig */,
				3C80341447F384D95A0DAE41 /* Pods-SKB_Kontur.release.xcconfig */,
			);
			name = Pods;
			sourceTree = "<group>";
		};
		845BE20F22F2964400393B8D = {
			isa = PBXGroup;
			children = (
				845BE21A22F2964400393B8D /* SKB_Kontur */,
				845BE21922F2964400393B8D /* Products */,
				3CEDA82E74CBF28E3807F086 /* Pods */,
				A1D0C7D0D1AC950A168BDD75 /* Frameworks */,
			);
			sourceTree = "<group>";
		};
		845BE21922F2964400393B8D /* Products */ = {
			isa = PBXGroup;
			children = (
				845BE21822F2964400393B8D /* SKB_Kontur.app */,
			);
			name = Products;
			sourceTree = "<group>";
		};
		845BE21A22F2964400393B8D /* SKB_Kontur */ = {
			isa = PBXGroup;
			children = (
				845BE21B22F2964400393B8D /* AppDelegate.swift */,
				845BE23222F29A5A00393B8D /* MainCoordinator.swift */,
				845BE21D22F2964400393B8D /* ContactListTableViewController.swift */,
				845BE23622F29C1200393B8D /* ServerClient.swift */,
				845BE23822F29C3B00393B8D /* Constants.swift */,
				845BE23422F29A9200393B8D /* ContactRealmObject.swift */,
				845BE23022F299A800393B8D /* Coordinator.swift */,
				845BE21F22F2964400393B8D /* Main.storyboard */,
				845BE22522F2964500393B8D /* Assets.xcassets */,
				845BE22722F2964500393B8D /* LaunchScreen.storyboard */,
				845BE22A22F2964500393B8D /* Info.plist */,
				845BE22222F2964400393B8D /* SKB_Kontur.xcdatamodeld */,
			);
			path = SKB_Kontur;
			sourceTree = "<group>";
		};
		A1D0C7D0D1AC950A168BDD75 /* Frameworks */ = {
			isa = PBXGroup;
			children = (
				83C9C19B1A610054B164B941 /* Pods_SKB_Kontur.framework */,
			);
			name = Frameworks;
			sourceTree = "<group>";
		};
/* End PBXGroup section */

/* Begin PBXNativeTarget section */
		845BE21722F2964400393B8D /* SKB_Kontur */ = {
			isa = PBXNativeTarget;
			buildConfigurationList = 845BE22D22F2964500393B8D /* Build configuration list for PBXNativeTarget "SKB_Kontur" */;
			buildPhases = (
				0B0B10341C96510919002141 /* [CP] Check Pods Manifest.lock */,
				845BE21422F2964400393B8D /* Sources */,
				845BE21522F2964400393B8D /* Frameworks */,
				845BE21622F2964400393B8D /* Resources */,
				4E2F150C786A989BD94776E0 /* [CP] Embed Pods Frameworks */,
			);
			buildRules = (
			);
			dependencies = (
			);
			name = SKB_Kontur;
			productName = SKB_Kontur;
			productReference = 845BE21822F2964400393B8D /* SKB_Kontur.app */;
			productType = "com.apple.product-type.application";
		};
/* End PBXNativeTarget section */

/* Begin PBXProject section */
		845BE21022F2964400393B8D /* Project object */ = {
			isa = PBXProject;
			attributes = {
				LastSwiftUpdateCheck = 1030;
				LastUpgradeCheck = 1030;
				ORGANIZATIONNAME = Admin;
				TargetAttributes = {
					845BE21722F2964400393B8D = {
						CreatedOnToolsVersion = 10.3;
					};
				};
			};
			buildConfigurationList = 845BE21322F2964400393B8D /* Build configuration list for PBXProject "SKB_Kontur" */;
			compatibilityVersion = "Xcode 9.3";
			developmentRegion = en;
			hasScannedForEncodings = 0;
			knownRegions = (
				en,
				Base,
			);
			mainGroup = 845BE20F22F2964400393B8D;
			productRefGroup = 845BE21922F2964400393B8D /* Products */;
			projectDirPath = "";
			projectRoot = "";
			targets = (
				845BE21722F2964400393B8D /* SKB_Kontur */,
			);
		};
/* End PBXProject section */

/* Begin PBXResourcesBuildPhase section */
		845BE21622F2964400393B8D /* Resources */ = {
			isa = PBXResourcesBuildPhase;
			buildActionMask = 2147483647;
			files = (
				845BE22922F2964500393B8D /* LaunchScreen.storyboard in Resources */,
				845BE22622F2964500393B8D /* Assets.xcassets in Resources */,
				845BE22122F2964400393B8D /* Main.storyboard in Resources */,
			);
			runOnlyForDeploymentPostprocessing = 0;
		};
/* End PBXResourcesBuildPhase section */

/* Begin PBXShellScriptBuildPhase section */
		0B0B10341C96510919002141 /* [CP] Check Pods Manifest.lock */ = {
			isa = PBXShellScriptBuildPhase;
			buildActionMask = 2147483647;
			files = (
			);
			inputFileListPaths = (
			);
			inputPaths = (
				"${PODS_PODFILE_DIR_PATH}/Podfile.lock",
				"${PODS_ROOT}/Manifest.lock",
			);
			name = "[CP] Check Pods Manifest.lock";
			outputFileListPaths = (
			);
			outputPaths = (
				"$(DERIVED_FILE_DIR)/Pods-SKB_Kontur-checkManifestLockResult.txt",
			);
			runOnlyForDeploymentPostprocessing = 0;
			shellPath = /bin/sh;
			shellScript = "diff \"${PODS_PODFILE_DIR_PATH}/Podfile.lock\" \"${PODS_ROOT}/Manifest.lock\" > /dev/null\nif [ $? != 0 ] ; then\n    # print error to STDERR\n    echo \"error: The sandbox is not in sync with the Podfile.lock. Run 'pod install' or update your CocoaPods installation.\" >&2\n    exit 1\nfi\n# This output is used by Xcode 'outputs' to avoid re-running this script phase.\necho \"SUCCESS\" > \"${SCRIPT_OUTPUT_FILE_0}\"\n";
			showEnvVarsInLog = 0;
		};
		4E2F150C786A989BD94776E0 /* [CP] Embed Pods Frameworks */ = {
			isa = PBXShellScriptBuildPhase;
			buildActionMask = 2147483647;
			files = (
			);
			inputFileListPaths = (
			);
			inputPaths = (
				"${SRCROOT}/Pods/Target Support Files/Pods-SKB_Kontur/Pods-SKB_Kontur-frameworks.sh",
				"${BUILT_PRODUCTS_DIR}/Alamofire/Alamofire.framework",
				"${BUILT_PRODUCTS_DIR}/Realm/Realm.framework",
				"${BUILT_PRODUCTS_DIR}/RealmSwift/RealmSwift.framework",
				"${BUILT_PRODUCTS_DIR}/SwiftyJSON/SwiftyJSON.framework",
			);
			name = "[CP] Embed Pods Frameworks";
			outputFileListPaths = (
			);
			outputPaths = (
				"${TARGET_BUILD_DIR}/${FRAMEWORKS_FOLDER_PATH}/Alamofire.framework",
				"${TARGET_BUILD_DIR}/${FRAMEWORKS_FOLDER_PATH}/Realm.framework",
				"${TARGET_BUILD_DIR}/${FRAMEWORKS_FOLDER_PATH}/RealmSwift.framework",
				"${TARGET_BUILD_DIR}/${FRAMEWORKS_FOLDER_PATH}/SwiftyJSON.framework",
			);
			runOnlyForDeploymentPostprocessing = 0;
			shellPath = /bin/sh;
			shellScript = "\"${SRCROOT}/Pods/Target Support Files/Pods-SKB_Kontur/Pods-SKB_Kontur-frameworks.sh\"\n";
			showEnvVarsInLog = 0;
		};
/* End PBXShellScriptBuildPhase section */

/* Begin PBXSourcesBuildPhase section */
		845BE21422F2964400393B8D /* Sources */ = {
			isa = PBXSourcesBuildPhase;
			buildActionMask = 2147483647;
			files = (
				845BE23722F29C1200393B8D /* ServerClient.swift in Sources */,
				845BE23122F299A800393B8D /* Coordinator.swift in Sources */,
				845BE21E22F2964400393B8D /* ContactListTableViewController.swift in Sources */,
				845BE22422F2964400393B8D /* SKB_Kontur.xcdatamodeld in Sources */,
				845BE23522F29A9200393B8D /* ContactRealmObject.swift in Sources */,
				845BE23322F29A5A00393B8D /* MainCoordinator.swift in Sources */,
				845BE21C22F2964400393B8D /* AppDelegate.swift in Sources */,
				845BE23922F29C3B00393B8D /* Constants.swift in Sources */,
			);
			runOnlyForDeploymentPostprocessing = 0;
		};
/* End PBXSourcesBuildPhase section */

/* Begin PBXVariantGroup section */
		845BE21F22F2964400393B8D /* Main.storyboard */ = {
			isa = PBXVariantGroup;
			children = (
				845BE22022F2964400393B8D /* Base */,
			);
			name = Main.storyboard;
			sourceTree = "<group>";
		};
		845BE22722F2964500393B8D /* LaunchScreen.storyboard */ = {
			isa = PBXVariantGroup;
			children = (
				845BE22822F2964500393B8D /* Base */,
			);
			name = LaunchScreen.storyboard;
			sourceTree = "<group>";
		};
/* End PBXVariantGroup section */

/* Begin XCBuildConfiguration section */
		845BE22B22F2964500393B8D /* Debug */ = {
			isa = XCBuildConfiguration;
			buildSettings = {
				ALWAYS_SEARCH_USER_PATHS = NO;
				CLANG_ANALYZER_NONNULL = YES;
				CLANG_ANALYZER_NUMBER_OBJECT_CONVERSION = YES_AGGRESSIVE;
				CLANG_CXX_LANGUAGE_STANDARD = "gnu++14";
				CLANG_CXX_LIBRARY = "libc++";
				CLANG_ENABLE_MODULES = YES;
				CLANG_ENABLE_OBJC_ARC = YES;
				CLANG_ENABLE_OBJC_WEAK = YES;
				CLANG_WARN_BLOCK_CAPTURE_AUTORELEASING = YES;
				CLANG_WARN_BOOL_CONVERSION = YES;
				CLANG_WARN_COMMA = YES;
				CLANG_WARN_CONSTANT_CONVERSION = YES;
				CLANG_WARN_DEPRECATED_OBJC_IMPLEMENTATIONS = YES;
				CLANG_WARN_DIRECT_OBJC_ISA_USAGE = YES_ERROR;
				CLANG_WARN_DOCUMENTATION_COMMENTS = YES;
				CLANG_WARN_EMPTY_BODY = YES;
				CLANG_WARN_ENUM_CONVERSION = YES;
				CLANG_WARN_INFINITE_RECURSION = YES;
				CLANG_WARN_INT_CONVERSION = YES;
				CLANG_WARN_NON_LITERAL_NULL_CONVERSION = YES;
				CLANG_WARN_OBJC_IMPLICIT_RETAIN_SELF = YES;
				CLANG_WARN_OBJC_LITERAL_CONVERSION = YES;
				CLANG_WARN_OBJC_ROOT_CLASS = YES_ERROR;
				CLANG_WARN_RANGE_LOOP_ANALYSIS = YES;
				CLANG_WARN_STRICT_PROTOTYPES = YES;
				CLANG_WARN_SUSPICIOUS_MOVE = YES;
				CLANG_WARN_UNGUARDED_AVAILABILITY = YES_AGGRESSIVE;
				CLANG_WARN_UNREACHABLE_CODE = YES;
				CLANG_WARN__DUPLICATE_METHOD_MATCH = YES;
				CODE_SIGN_IDENTITY = "iPhone Developer";
				COPY_PHASE_STRIP = NO;
				DEBUG_INFORMATION_FORMAT = dwarf;
				ENABLE_STRICT_OBJC_MSGSEND = YES;
				ENABLE_TESTABILITY = YES;
				GCC_C_LANGUAGE_STANDARD = gnu11;
				GCC_DYNAMIC_NO_PIC = NO;
				GCC_NO_COMMON_BLOCKS = YES;
				GCC_OPTIMIZATION_LEVEL = 0;
				GCC_PREPROCESSOR_DEFINITIONS = (
					"DEBUG=1",
					"$(inherited)",
				);
				GCC_WARN_64_TO_32_BIT_CONVERSION = YES;
				GCC_WARN_ABOUT_RETURN_TYPE = YES_ERROR;
				GCC_WARN_UNDECLARED_SELECTOR = YES;
				GCC_WARN_UNINITIALIZED_AUTOS = YES_AGGRESSIVE;
				GCC_WARN_UNUSED_FUNCTION = YES;
				GCC_WARN_UNUSED_VARIABLE = YES;
				IPHONEOS_DEPLOYMENT_TARGET = 12.4;
				MTL_ENABLE_DEBUG_INFO = INCLUDE_SOURCE;
				MTL_FAST_MATH = YES;
				ONLY_ACTIVE_ARCH = YES;
				SDKROOT = iphoneos;
				SWIFT_ACTIVE_COMPILATION_CONDITIONS = DEBUG;
				SWIFT_OPTIMIZATION_LEVEL = "-Onone";
			};
			name = Debug;
		};
		845BE22C22F2964500393B8D /* Release */ = {
			isa = XCBuildConfiguration;
			buildSettings = {
				ALWAYS_SEARCH_USER_PATHS = NO;
				CLANG_ANALYZER_NONNULL = YES;
				CLANG_ANALYZER_NUMBER_OBJECT_CONVERSION = YES_AGGRESSIVE;
				CLANG_CXX_LANGUAGE_STANDARD = "gnu++14";
				CLANG_CXX_LIBRARY = "libc++";
				CLANG_ENABLE_MODULES = YES;
				CLANG_ENABLE_OBJC_ARC = YES;
				CLANG_ENABLE_OBJC_WEAK = YES;
				CLANG_WARN_BLOCK_CAPTURE_AUTORELEASING = YES;
				CLANG_WARN_BOOL_CONVERSION = YES;
				CLANG_WARN_COMMA = YES;
				CLANG_WARN_CONSTANT_CONVERSION = YES;
				CLANG_WARN_DEPRECATED_OBJC_IMPLEMENTATIONS = YES;
				CLANG_WARN_DIRECT_OBJC_ISA_USAGE = YES_ERROR;
				CLANG_WARN_DOCUMENTATION_COMMENTS = YES;
				CLANG_WARN_EMPTY_BODY = YES;
				CLANG_WARN_ENUM_CONVERSION = YES;
				CLANG_WARN_INFINITE_RECURSION = YES;
				CLANG_WARN_INT_CONVERSION = YES;
				CLANG_WARN_NON_LITERAL_NULL_CONVERSION = YES;
				CLANG_WARN_OBJC_IMPLICIT_RETAIN_SELF = YES;
				CLANG_WARN_OBJC_LITERAL_CONVERSION = YES;
				CLANG_WARN_OBJC_ROOT_CLASS = YES_ERROR;
				CLANG_WARN_RANGE_LOOP_ANALYSIS = YES;
				CLANG_WARN_STRICT_PROTOTYPES = YES;
				CLANG_WARN_SUSPICIOUS_MOVE = YES;
				CLANG_WARN_UNGUARDED_AVAILABILITY = YES_AGGRESSIVE;
				CLANG_WARN_UNREACHABLE_CODE = YES;
				CLANG_WARN__DUPLICATE_METHOD_MATCH = YES;
				CODE_SIGN_IDENTITY = "iPhone Developer";
				COPY_PHASE_STRIP = NO;
				DEBUG_INFORMATION_FORMAT = "dwarf-with-dsym";
				ENABLE_NS_ASSERTIONS = NO;
				ENABLE_STRICT_OBJC_MSGSEND = YES;
				GCC_C_LANGUAGE_STANDARD = gnu11;
				GCC_NO_COMMON_BLOCKS = YES;
				GCC_WARN_64_TO_32_BIT_CONVERSION = YES;
				GCC_WARN_ABOUT_RETURN_TYPE = YES_ERROR;
				GCC_WARN_UNDECLARED_SELECTOR = YES;
				GCC_WARN_UNINITIALIZED_AUTOS = YES_AGGRESSIVE;
				GCC_WARN_UNUSED_FUNCTION = YES;
				GCC_WARN_UNUSED_VARIABLE = YES;
				IPHONEOS_DEPLOYMENT_TARGET = 12.4;
				MTL_ENABLE_DEBUG_INFO = NO;
				MTL_FAST_MATH = YES;
				SDKROOT = iphoneos;
				SWIFT_COMPILATION_MODE = wholemodule;
				SWIFT_OPTIMIZATION_LEVEL = "-O";
				VALIDATE_PRODUCT = YES;
			};
			name = Release;
		};
		845BE22E22F2964500393B8D /* Debug */ = {
			isa = XCBuildConfiguration;
			baseConfigurationReference = A2B2C174544B75A5BFF391F5 /* Pods-SKB_Kontur.debug.xcconfig */;
			buildSettings = {
				ASSETCATALOG_COMPILER_APPICON_NAME = AppIcon;
				CODE_SIGN_STYLE = Automatic;
				DEVELOPMENT_TEAM = D7GYZ5AX89;
				INFOPLIST_FILE = SKB_Kontur/Info.plist;
				IPHONEOS_DEPLOYMENT_TARGET = 12.3;
				LD_RUNPATH_SEARCH_PATHS = (
					"$(inherited)",
					"@executable_path/Frameworks",
				);
				PRODUCT_BUNDLE_IDENTIFIER = "com.m57.SKB-Kontur";
				PRODUCT_NAME = "$(TARGET_NAME)";
				SWIFT_VERSION = 5.0;
				TARGETED_DEVICE_FAMILY = "1,2";
			};
			name = Debug;
		};
		845BE22F22F2964500393B8D /* Release */ = {
			isa = XCBuildConfiguration;
			baseConfigurationReference = 3C80341447F384D95A0DAE41 /* Pods-SKB_Kontur.release.xcconfig */;
			buildSettings = {
				ASSETCATALOG_COMPILER_APPICON_NAME = AppIcon;
				CODE_SIGN_STYLE = Automatic;
				DEVELOPMENT_TEAM = D7GYZ5AX89;
				INFOPLIST_FILE = SKB_Kontur/Info.plist;
				IPHONEOS_DEPLOYMENT_TARGET = 12.3;
				LD_RUNPATH_SEARCH_PATHS = (
					"$(inherited)",
					"@executable_path/Frameworks",
				);
				PRODUCT_BUNDLE_IDENTIFIER = "com.m57.SKB-Kontur";
				PRODUCT_NAME = "$(TARGET_NAME)";
				SWIFT_VERSION = 5.0;
				TARGETED_DEVICE_FAMILY = "1,2";
			};
			name = Release;
		};
/* End XCBuildConfiguration section */

/* Begin XCConfigurationList section */
		845BE21322F2964400393B8D /* Build configuration list for PBXProject "SKB_Kontur" */ = {
			isa = XCConfigurationList;
			buildConfigurations = (
				845BE22B22F2964500393B8D /* Debug */,
				845BE22C22F2964500393B8D /* Release */,
			);
			defaultConfigurationIsVisible = 0;
			defaultConfigurationName = Release;
		};
		845BE22D22F2964500393B8D /* Build configuration list for PBXNativeTarget "SKB_Kontur" */ = {
			isa = XCConfigurationList;
			buildConfigurations = (
				845BE22E22F2964500393B8D /* Debug */,
				845BE22F22F2964500393B8D /* Release */,
			);
			defaultConfigurationIsVisible = 0;
			defaultConfigurationName = Release;
		};
/* End XCConfigurationList section */

/* Begin XCVersionGroup section */
		845BE22222F2964400393B8D /* SKB_Kontur.xcdatamodeld */ = {
			isa = XCVersionGroup;
			children = (
				845BE22322F2964400393B8D /* SKB_Kontur.xcdatamodel */,
			);
			currentVersion = 845BE22322F2964400393B8D /* SKB_Kontur.xcdatamodel */;
			path = SKB_Kontur.xcdatamodeld;
			sourceTree = "<group>";
			versionGroupType = wrapper.xcdatamodel;
		};
/* End XCVersionGroup section */
	};
	rootObject = 845BE21022F2964400393B8D /* Project object */;
}
